// !$*UTF8*$!
{
	archiveVersion = 1;
	classes = {
	};
	objectVersion = 46;
	objects = {

/* Begin PBXBuildFile section */
		0062B4E51EE1755900EB175D /* AppDelegate.swift in Sources */ = {isa = PBXBuildFile; fileRef = 0062B4E41EE1755900EB175D /* AppDelegate.swift */; };
		0062B4E71EE1755900EB175D /* ViewController.swift in Sources */ = {isa = PBXBuildFile; fileRef = 0062B4E61EE1755900EB175D /* ViewController.swift */; };
		0062B4EA1EE1755900EB175D /* Main.storyboard in Resources */ = {isa = PBXBuildFile; fileRef = 0062B4E81EE1755900EB175D /* Main.storyboard */; };
		0062B4ED1EE1755900EB175D /* mlframework.xcdatamodeld in Sources */ = {isa = PBXBuildFile; fileRef = 0062B4EB1EE1755900EB175D /* mlframework.xcdatamodeld */; };
		0062B4EF1EE1755900EB175D /* Assets.xcassets in Resources */ = {isa = PBXBuildFile; fileRef = 0062B4EE1EE1755900EB175D /* Assets.xcassets */; };
		0062B4F21EE1755900EB175D /* LaunchScreen.storyboard in Resources */ = {isa = PBXBuildFile; fileRef = 0062B4F01EE1755900EB175D /* LaunchScreen.storyboard */; };
		0062B4FD1EE1755900EB175D /* mlframeworkTests.swift in Sources */ = {isa = PBXBuildFile; fileRef = 0062B4FC1EE1755900EB175D /* mlframeworkTests.swift */; };
		0062B5081EE1755900EB175D /* mlframeworkUITests.swift in Sources */ = {isa = PBXBuildFile; fileRef = 0062B5071EE1755900EB175D /* mlframeworkUITests.swift */; };
/* End PBXBuildFile section */

/* Begin PBXContainerItemProxy section */
		0062B4F91EE1755900EB175D /* PBXContainerItemProxy */ = {
			isa = PBXContainerItemProxy;
			containerPortal = 0062B4D91EE1755900EB175D /* Project object */;
			proxyType = 1;
			remoteGlobalIDString = 0062B4E01EE1755900EB175D;
			remoteInfo = mlframework;
		};
		0062B5041EE1755900EB175D /* PBXContainerItemProxy */ = {
			isa = PBXContainerItemProxy;
			containerPortal = 0062B4D91EE1755900EB175D /* Project object */;
			proxyType = 1;
			remoteGlobalIDString = 0062B4E01EE1755900EB175D;
			remoteInfo = mlframework;
		};
/* End PBXContainerItemProxy section */

/* Begin PBXFileReference section */
		0062B4E11EE1755900EB175D /* mlframework.app */ = {isa = PBXFileReference; explicitFileType = wrapper.application; includeInIndex = 0; path = mlframework.app; sourceTree = BUILT_PRODUCTS_DIR; };
		0062B4E41EE1755900EB175D /* AppDelegate.swift */ = {isa = PBXFileReference; lastKnownFileType = sourcecode.swift; path = AppDelegate.swift; sourceTree = "<group>"; };
		0062B4E61EE1755900EB175D /* ViewController.swift */ = {isa = PBXFileReference; lastKnownFileType = sourcecode.swift; path = ViewController.swift; sourceTree = "<group>"; };
		0062B4E91EE1755900EB175D /* Base */ = {isa = PBXFileReference; lastKnownFileType = file.storyboard; name = Base; path = Base.lproj/Main.storyboard; sourceTree = "<group>"; };
		0062B4EC1EE1755900EB175D /* mlframework.xcdatamodel */ = {isa = PBXFileReference; lastKnownFileType = wrapper.xcdatamodel; path = mlframework.xcdatamodel; sourceTree = "<group>"; };
		0062B4EE1EE1755900EB175D /* Assets.xcassets */ = {isa = PBXFileReference; lastKnownFileType = folder.assetcatalog; path = Assets.xcassets; sourceTree = "<group>"; };
		0062B4F11EE1755900EB175D /* Base */ = {isa = PBXFileReference; lastKnownFileType = file.storyboard; name = Base; path = Base.lproj/LaunchScreen.storyboard; sourceTree = "<group>"; };
		0062B4F31EE1755900EB175D /* Info.plist */ = {isa = PBXFileReference; lastKnownFileType = text.plist.xml; path = Info.plist; sourceTree = "<group>"; };
		0062B4F81EE1755900EB175D /* mlframeworkTests.xctest */ = {isa = PBXFileReference; explicitFileType = wrapper.cfbundle; includeInIndex = 0; path = mlframeworkTests.xctest; sourceTree = BUILT_PRODUCTS_DIR; };
		0062B4FC1EE1755900EB175D /* mlframeworkTests.swift */ = {isa = PBXFileReference; lastKnownFileType = sourcecode.swift; path = mlframeworkTests.swift; sourceTree = "<group>"; };
		0062B4FE1EE1755900EB175D /* Info.plist */ = {isa = PBXFileReference; lastKnownFileType = text.plist.xml; path = Info.plist; sourceTree = "<group>"; };
		0062B5031EE1755900EB175D /* mlframeworkUITests.xctest */ = {isa = PBXFileReference; explicitFileType = wrapper.cfbundle; includeInIndex = 0; path = mlframeworkUITests.xctest; sourceTree = BUILT_PRODUCTS_DIR; };
		0062B5071EE1755900EB175D /* mlframeworkUITests.swift */ = {isa = PBXFileReference; lastKnownFileType = sourcecode.swift; path = mlframeworkUITests.swift; sourceTree = "<group>"; };
		0062B5091EE1755900EB175D /* Info.plist */ = {isa = PBXFileReference; lastKnownFileType = text.plist.xml; path = Info.plist; sourceTree = "<group>"; };
/* End PBXFileReference section */

/* Begin PBXFrameworksBuildPhase section */
		0062B4DE1EE1755900EB175D /* Frameworks */ = {
			isa = PBXFrameworksBuildPhase;
			buildActionMask = 2147483647;
			files = (
			);
			runOnlyForDeploymentPostprocessing = 0;
		};
		0062B4F51EE1755900EB175D /* Frameworks */ = {
			isa = PBXFrameworksBuildPhase;
			buildActionMask = 2147483647;
			files = (
			);
			runOnlyForDeploymentPostprocessing = 0;
		};
		0062B5001EE1755900EB175D /* Frameworks */ = {
			isa = PBXFrameworksBuildPhase;
			buildActionMask = 2147483647;
			files = (
			);
			runOnlyForDeploymentPostprocessing = 0;
		};
/* End PBXFrameworksBuildPhase section */

/* Begin PBXGroup section */
		0062B4D81EE1755900EB175D = {
			isa = PBXGroup;
			children = (
				0062B4E31EE1755900EB175D /* mlframework */,
				0062B4FB1EE1755900EB175D /* mlframeworkTests */,
				0062B5061EE1755900EB175D /* mlframeworkUITests */,
				0062B4E21EE1755900EB175D /* Products */,
			);
			sourceTree = "<group>";
		};
		0062B4E21EE1755900EB175D /* Products */ = {
			isa = PBXGroup;
			children = (
				0062B4E11EE1755900EB175D /* mlframework.app */,
				0062B4F81EE1755900EB175D /* mlframeworkTests.xctest */,
				0062B5031EE1755900EB175D /* mlframeworkUITests.xctest */,
			);
			name = Products;
			sourceTree = "<group>";
		};
		0062B4E31EE1755900EB175D /* mlframework */ = {
			isa = PBXGroup;
			children = (
				0062B4E41EE1755900EB175D /* AppDelegate.swift */,
				0062B4E61EE1755900EB175D /* ViewController.swift */,
				0062B4E81EE1755900EB175D /* Main.storyboard */,
				0062B4EE1EE1755900EB175D /* Assets.xcassets */,
				0062B4F01EE1755900EB175D /* LaunchScreen.storyboard */,
				0062B4F31EE1755900EB175D /* Info.plist */,
				0062B4EB1EE1755900EB175D /* mlframework.xcdatamodeld */,
			);
			path = mlframework;
			sourceTree = "<group>";
		};
		0062B4FB1EE1755900EB175D /* mlframeworkTests */ = {
			isa = PBXGroup;
			children = (
				0062B4FC1EE1755900EB175D /* mlframeworkTests.swift */,
				0062B4FE1EE1755900EB175D /* Info.plist */,
			);
			path = mlframeworkTests;
			sourceTree = "<group>";
		};
		0062B5061EE1755900EB175D /* mlframeworkUITests */ = {
			isa = PBXGroup;
			children = (
				0062B5071EE1755900EB175D /* mlframeworkUITests.swift */,
				0062B5091EE1755900EB175D /* Info.plist */,
			);
			path = mlframeworkUITests;
			sourceTree = "<group>";
		};
/* End PBXGroup section */

/* Begin PBXNativeTarget section */
		0062B4E01EE1755900EB175D /* mlframework */ = {
			isa = PBXNativeTarget;
			buildConfigurationList = 0062B50C1EE1755900EB175D /* Build configuration list for PBXNativeTarget "mlframework" */;
			buildPhases = (
				0062B4DD1EE1755900EB175D /* Sources */,
				0062B4DE1EE1755900EB175D /* Frameworks */,
				0062B4DF1EE1755900EB175D /* Resources */,
			);
			buildRules = (
			);
			dependencies = (
			);
			name = mlframework;
			productName = mlframework;
			productReference = 0062B4E11EE1755900EB175D /* mlframework.app */;
			productType = "com.apple.product-type.application";
		};
		0062B4F71EE1755900EB175D /* mlframeworkTests */ = {
			isa = PBXNativeTarget;
			buildConfigurationList = 0062B50F1EE1755900EB175D /* Build configuration list for PBXNativeTarget "mlframeworkTests" */;
			buildPhases = (
				0062B4F41EE1755900EB175D /* Sources */,
				0062B4F51EE1755900EB175D /* Frameworks */,
				0062B4F61EE1755900EB175D /* Resources */,
			);
			buildRules = (
			);
			dependencies = (
				0062B4FA1EE1755900EB175D /* PBXTargetDependency */,
			);
			name = mlframeworkTests;
			productName = mlframeworkTests;
			productReference = 0062B4F81EE1755900EB175D /* mlframeworkTests.xctest */;
			productType = "com.apple.product-type.bundle.unit-test";
		};
		0062B5021EE1755900EB175D /* mlframeworkUITests */ = {
			isa = PBXNativeTarget;
			buildConfigurationList = 0062B5121EE1755900EB175D /* Build configuration list for PBXNativeTarget "mlframeworkUITests" */;
			buildPhases = (
				0062B4FF1EE1755900EB175D /* Sources */,
				0062B5001EE1755900EB175D /* Frameworks */,
				0062B5011EE1755900EB175D /* Resources */,
			);
			buildRules = (
			);
			dependencies = (
				0062B5051EE1755900EB175D /* PBXTargetDependency */,
			);
			name = mlframeworkUITests;
			productName = mlframeworkUITests;
			productReference = 0062B5031EE1755900EB175D /* mlframeworkUITests.xctest */;
			productType = "com.apple.product-type.bundle.ui-testing";
		};
/* End PBXNativeTarget section */

/* Begin PBXProject section */
		0062B4D91EE1755900EB175D /* Project object */ = {
			isa = PBXProject;
			attributes = {
				LastSwiftUpdateCheck = 0820;
				LastUpgradeCheck = 0820;
				ORGANIZATIONNAME = Adyog;
				TargetAttributes = {
					0062B4E01EE1755900EB175D = {
						CreatedOnToolsVersion = 8.2.1;
						ProvisioningStyle = Automatic;
					};
					0062B4F71EE1755900EB175D = {
						CreatedOnToolsVersion = 8.2.1;
						ProvisioningStyle = Automatic;
						TestTargetID = 0062B4E01EE1755900EB175D;
					};
					0062B5021EE1755900EB175D = {
						CreatedOnToolsVersion = 8.2.1;
						ProvisioningStyle = Automatic;
						TestTargetID = 0062B4E01EE1755900EB175D;
					};
				};
			};
			buildConfigurationList = 0062B4DC1EE1755900EB175D /* Build configuration list for PBXProject "mlframework" */;
			compatibilityVersion = "Xcode 3.2";
			developmentRegion = English;
			hasScannedForEncodings = 0;
			knownRegions = (
				en,
				Base,
			);
			mainGroup = 0062B4D81EE1755900EB175D;
			productRefGroup = 0062B4E21EE1755900EB175D /* Products */;
			projectDirPath = "";
			projectRoot = "";
			targets = (
				0062B4E01EE1755900EB175D /* mlframework */,
				0062B4F71EE1755900EB175D /* mlframeworkTests */,
				0062B5021EE1755900EB175D /* mlframeworkUITests */,
			);
		};
/* End PBXProject section */

/* Begin PBXResourcesBuildPhase section */
		0062B4DF1EE1755900EB175D /* Resources */ = {
			isa = PBXResourcesBuildPhase;
			buildActionMask = 2147483647;
			files = (
				0062B4F21EE1755900EB175D /* LaunchScreen.storyboard in Resources */,
				0062B4EF1EE1755900EB175D /* Assets.xcassets in Resources */,
				0062B4EA1EE1755900EB175D /* Main.storyboard in Resources */,
			);
			runOnlyForDeploymentPostprocessing = 0;
		};
		0062B4F61EE1755900EB175D /* Resources */ = {
			isa = PBXResourcesBuildPhase;
			buildActionMask = 2147483647;
			files = (
			);
			runOnlyForDeploymentPostprocessing = 0;
		};
		0062B5011EE1755900EB175D /* Resources */ = {
			isa = PBXResourcesBuildPhase;
			buildActionMask = 2147483647;
			files = (
			);
			runOnlyForDeploymentPostprocessing = 0;
		};
/* End PBXResourcesBuildPhase section */

/* Begin PBXSourcesBuildPhase section */
		0062B4DD1EE1755900EB175D /* Sources */ = {
			isa = PBXSourcesBuildPhase;
			buildActionMask = 2147483647;
			files = (
				0062B4E71EE1755900EB175D /* ViewController.swift in Sources */,
				0062B4ED1EE1755900EB175D /* mlframework.xcdatamodeld in Sources */,
				0062B4E51EE1755900EB175D /* AppDelegate.swift in Sources */,
			);
			runOnlyForDeploymentPostprocessing = 0;
		};
		0062B4F41EE1755900EB175D /* Sources */ = {
			isa = PBXSourcesBuildPhase;
			buildActionMask = 2147483647;
			files = (
				0062B4FD1EE1755900EB175D /* mlframeworkTests.swift in Sources */,
			);
			runOnlyForDeploymentPostprocessing = 0;
		};
		0062B4FF1EE1755900EB175D /* Sources */ = {
			isa = PBXSourcesBuildPhase;
			buildActionMask = 2147483647;
			files = (
				0062B5081EE1755900EB175D /* mlframeworkUITests.swift in Sources */,
			);
			runOnlyForDeploymentPostprocessing = 0;
		};
/* End PBXSourcesBuildPhase section */

/* Begin PBXTargetDependency section */
		0062B4FA1EE1755900EB175D /* PBXTargetDependency */ = {
			isa = PBXTargetDependency;
			target = 0062B4E01EE1755900EB175D /* mlframework */;
			targetProxy = 0062B4F91EE1755900EB175D /* PBXContainerItemProxy */;
		};
		0062B5051EE1755900EB175D /* PBXTargetDependency */ = {
			isa = PBXTargetDependency;
			target = 0062B4E01EE1755900EB175D /* mlframework */;
			targetProxy = 0062B5041EE1755900EB175D /* PBXContainerItemProxy */;
		};
/* End PBXTargetDependency section */

/* Begin PBXVariantGroup section */
		0062B4E81EE1755900EB175D /* Main.storyboard */ = {
			isa = PBXVariantGroup;
			children = (
				0062B4E91EE1755900EB175D /* Base */,
			);
			name = Main.storyboard;
			sourceTree = "<group>";
		};
		0062B4F01EE1755900EB175D /* LaunchScreen.storyboard */ = {
			isa = PBXVariantGroup;
			children = (
				0062B4F11EE1755900EB175D /* Base */,
			);
			name = LaunchScreen.storyboard;
			sourceTree = "<group>";
		};
/* End PBXVariantGroup section */

/* Begin XCBuildConfiguration section */
		0062B50A1EE1755900EB175D /* Debug */ = {
			isa = XCBuildConfiguration;
			buildSettings = {
				ALWAYS_SEARCH_USER_PATHS = NO;
				CLANG_ANALYZER_NONNULL = YES;
				CLANG_CXX_LANGUAGE_STANDARD = "gnu++0x";
				CLANG_CXX_LIBRARY = "libc++";
				CLANG_ENABLE_MODULES = YES;
				CLANG_ENABLE_OBJC_ARC = YES;
				CLANG_WARN_BOOL_CONVERSION = YES;
				CLANG_WARN_CONSTANT_CONVERSION = YES;
				CLANG_WARN_DIRECT_OBJC_ISA_USAGE = YES_ERROR;
				CLANG_WARN_DOCUMENTATION_COMMENTS = YES;
				CLANG_WARN_EMPTY_BODY = YES;
				CLANG_WARN_ENUM_CONVERSION = YES;
				CLANG_WARN_INFINITE_RECURSION = YES;
				CLANG_WARN_INT_CONVERSION = YES;
				CLANG_WARN_OBJC_ROOT_CLASS = YES_ERROR;
				CLANG_WARN_SUSPICIOUS_MOVE = YES;
				CLANG_WARN_UNREACHABLE_CODE = YES;
				CLANG_WARN__DUPLICATE_METHOD_MATCH = YES;
				"CODE_SIGN_IDENTITY[sdk=iphoneos*]" = "iPhone Developer";
				COPY_PHASE_STRIP = NO;
				DEBUG_INFORMATION_FORMAT = dwarf;
				ENABLE_STRICT_OBJC_MSGSEND = YES;
				ENABLE_TESTABILITY = YES;
				GCC_C_LANGUAGE_STANDARD = gnu99;
				GCC_DYNAMIC_NO_PIC = NO;
				GCC_NO_COMMON_BLOCKS = YES;
				GCC_OPTIMIZATION_LEVEL = 0;
				GCC_PREPROCESSOR_DEFINITIONS = (
					"DEBUG=1",
					"$(inherited)",
				);
				GCC_WARN_64_TO_32_BIT_CONVERSION = YES;
				GCC_WARN_ABOUT_RETURN_TYPE = YES_ERROR;
				GCC_WARN_UNDECLARED_SELECTOR = YES;
				GCC_WARN_UNINITIALIZED_AUTOS = YES_AGGRESSIVE;
				GCC_WARN_UNUSED_FUNCTION = YES;
				GCC_WARN_UNUSED_VARIABLE = YES;
				IPHONEOS_DEPLOYMENT_TARGET = 10.2;
				MTL_ENABLE_DEBUG_INFO = YES;
				ONLY_ACTIVE_ARCH = YES;
				SDKROOT = iphoneos;
				SWIFT_ACTIVE_COMPILATION_CONDITIONS = DEBUG;
				SWIFT_OPTIMIZATION_LEVEL = "-Onone";
				TARGETED_DEVICE_FAMILY = "1,2";
			};
			name = Debug;
		};
		0062B50B1EE1755900EB175D /* Release */ = {
			isa = XCBuildConfiguration;
			buildSettings = {
				ALWAYS_SEARCH_USER_PATHS = NO;
				CLANG_ANALYZER_NONNULL = YES;
				CLANG_CXX_LANGUAGE_STANDARD = "gnu++0x";
				CLANG_CXX_LIBRARY = "libc++";
				CLANG_ENABLE_MODULES = YES;
				CLANG_ENABLE_OBJC_ARC = YES;
				CLANG_WARN_BOOL_CONVERSION = YES;
				CLANG_WARN_CONSTANT_CONVERSION = YES;
				CLANG_WARN_DIRECT_OBJC_ISA_USAGE = YES_ERROR;
				CLANG_WARN_DOCUMENTATION_COMMENTS = YES;
				CLANG_WARN_EMPTY_BODY = YES;
				CLANG_WARN_ENUM_CONVERSION = YES;
				CLANG_WARN_INFINITE_RECURSION = YES;
				CLANG_WARN_INT_CONVERSION = YES;
				CLANG_WARN_OBJC_ROOT_CLASS = YES_ERROR;
				CLANG_WARN_SUSPICIOUS_MOVE = YES;
				CLANG_WARN_UNREACHABLE_CODE = YES;
				CLANG_WARN__DUPLICATE_METHOD_MATCH = YES;
				"CODE_SIGN_IDENTITY[sdk=iphoneos*]" = "iPhone Developer";
				COPY_PHASE_STRIP = NO;
				DEBUG_INFORMATION_FORMAT = "dwarf-with-dsym";
				ENABLE_NS_ASSERTIONS = NO;
				ENABLE_STRICT_OBJC_MSGSEND = YES;
				GCC_C_LANGUAGE_STANDARD = gnu99;
				GCC_NO_COMMON_BLOCKS = YES;
				GCC_WARN_64_TO_32_BIT_CONVERSION = YES;
				GCC_WARN_ABOUT_RETURN_TYPE = YES_ERROR;
				GCC_WARN_UNDECLARED_SELECTOR = YES;
				GCC_WARN_UNINITIALIZED_AUTOS = YES_AGGRESSIVE;
				GCC_WARN_UNUSED_FUNCTION = YES;
				GCC_WARN_UNUSED_VARIABLE = YES;
				IPHONEOS_DEPLOYMENT_TARGET = 10.2;
				MTL_ENABLE_DEBUG_INFO = NO;
				SDKROOT = iphoneos;
				SWIFT_OPTIMIZATION_LEVEL = "-Owholemodule";
				TARGETED_DEVICE_FAMILY = "1,2";
				VALIDATE_PRODUCT = YES;
			};
			name = Release;
		};
		0062B50D1EE1755900EB175D /* Debug */ = {
			isa = XCBuildConfiguration;
			buildSettings = {
				ASSETCATALOG_COMPILER_APPICON_NAME = AppIcon;
				FRAMEWORK_SEARCH_PATHS = (
					"$(inherited)",
					"$(PROJECT_DIR)",
				);
				INFOPLIST_FILE = mlframework/Info.plist;
				LD_RUNPATH_SEARCH_PATHS = "$(inherited) @executable_path/Frameworks";
				PRODUCT_BUNDLE_IDENTIFIER = adyog.com.mlframework;
				PRODUCT_NAME = "$(TARGET_NAME)";
				SWIFT_VERSION = 3.0;
			};
			name = Debug;
		};
		0062B50E1EE1755900EB175D /* Release */ = {
			isa = XCBuildConfiguration;
			buildSettings = {
				ASSETCATALOG_COMPILER_APPICON_NAME = AppIcon;
				FRAMEWORK_SEARCH_PATHS = (
					"$(inherited)",
					"$(PROJECT_DIR)",
				);
				INFOPLIST_FILE = mlframework/Info.plist;
				LD_RUNPATH_SEARCH_PATHS = "$(inherited) @executable_path/Frameworks";
				PRODUCT_BUNDLE_IDENTIFIER = adyog.com.mlframework;
				PRODUCT_NAME = "$(TARGET_NAME)";
				SWIFT_VERSION = 3.0;
			};
			name = Release;
		};
		0062B5101EE1755900EB175D /* Debug */ = {
			isa = XCBuildConfiguration;
			buildSettings = {
				ALWAYS_EMBED_SWIFT_STANDARD_LIBRARIES = YES;
				BUNDLE_LOADER = "$(TEST_HOST)";
				INFOPLIST_FILE = mlframeworkTests/Info.plist;
				LD_RUNPATH_SEARCH_PATHS = "$(inherited) @executable_path/Frameworks @loader_path/Frameworks";
				PRODUCT_BUNDLE_IDENTIFIER = adyog.com.mlframeworkTests;
				PRODUCT_NAME = "$(TARGET_NAME)";
				SWIFT_VERSION = 3.0;
				TEST_HOST = "$(BUILT_PRODUCTS_DIR)/mlframework.app/mlframework";
			};
			name = Debug;
		};
		0062B5111EE1755900EB175D /* Release */ = {
			isa = XCBuildConfiguration;
			buildSettings = {
				ALWAYS_EMBED_SWIFT_STANDARD_LIBRARIES = YES;
				BUNDLE_LOADER = "$(TEST_HOST)";
				INFOPLIST_FILE = mlframeworkTests/Info.plist;
				LD_RUNPATH_SEARCH_PATHS = "$(inherited) @executable_path/Frameworks @loader_path/Frameworks";
				PRODUCT_BUNDLE_IDENTIFIER = adyog.com.mlframeworkTests;
				PRODUCT_NAME = "$(TARGET_NAME)";
				SWIFT_VERSION = 3.0;
				TEST_HOST = "$(BUILT_PRODUCTS_DIR)/mlframework.app/mlframework";
			};
			name = Release;
		};
		0062B5131EE1755900EB175D /* Debug */ = {
			isa = XCBuildConfiguration;
			buildSettings = {
				ALWAYS_EMBED_SWIFT_STANDARD_LIBRARIES = YES;
				INFOPLIST_FILE = mlframeworkUITests/Info.plist;
				LD_RUNPATH_SEARCH_PATHS = "$(inherited) @executable_path/Frameworks @loader_path/Frameworks";
				PRODUCT_BUNDLE_IDENTIFIER = adyog.com.mlframeworkUITests;
				PRODUCT_NAME = "$(TARGET_NAME)";
				SWIFT_VERSION = 3.0;
				TEST_TARGET_NAME = mlframework;
			};
			name = Debug;
		};
		0062B5141EE1755900EB175D /* Release */ = {
			isa = XCBuildConfiguration;
			buildSettings = {
				ALWAYS_EMBED_SWIFT_STANDARD_LIBRARIES = YES;
				INFOPLIST_FILE = mlframeworkUITests/Info.plist;
				LD_RUNPATH_SEARCH_PATHS = "$(inherited) @executable_path/Frameworks @loader_path/Frameworks";
				PRODUCT_BUNDLE_IDENTIFIER = adyog.com.mlframeworkUITests;
				PRODUCT_NAME = "$(TARGET_NAME)";
				SWIFT_VERSION = 3.0;
				TEST_TARGET_NAME = mlframework;
			};
			name = Release;
		};
/* End XCBuildConfiguration section */

/* Begin XCConfigurationList section */
		0062B4DC1EE1755900EB175D /* Build configuration list for PBXProject "mlframework" */ = {
			isa = XCConfigurationList;
			buildConfigurations = (
				0062B50A1EE1755900EB175D /* Debug */,
				0062B50B1EE1755900EB175D /* Release */,
			);
			defaultConfigurationIsVisible = 0;
			defaultConfigurationName = Release;
		};
		0062B50C1EE1755900EB175D /* Build configuration list for PBXNativeTarget "mlframework" */ = {
			isa = XCConfigurationList;
			buildConfigurations = (
				0062B50D1EE1755900EB175D /* Debug */,
				0062B50E1EE1755900EB175D /* Release */,
			);
			defaultConfigurationIsVisible = 0;
		};
		0062B50F1EE1755900EB175D /* Build configuration list for PBXNativeTarget "mlframeworkTests" */ = {
			isa = XCConfigurationList;
			buildConfigurations = (
				0062B5101EE1755900EB175D /* Debug */,
				0062B5111EE1755900EB175D /* Release */,
			);
			defaultConfigurationIsVisible = 0;
		};
		0062B5121EE1755900EB175D /* Build configuration list for PBXNativeTarget "mlframeworkUITests" */ = {
			isa = XCConfigurationList;
			buildConfigurations = (
				0062B5131EE1755900EB175D /* Debug */,
				0062B5141EE1755900EB175D /* Release */,
			);
			defaultConfigurationIsVisible = 0;
		};
/* End XCConfigurationList section */

/* Begin XCVersionGroup section */
		0062B4EB1EE1755900EB175D /* mlframework.xcdatamodeld */ = {
			isa = XCVersionGroup;
			children = (
				0062B4EC1EE1755900EB175D /* mlframework.xcdatamodel */,
			);
			currentVersion = 0062B4EC1EE1755900EB175D /* mlframework.xcdatamodel */;
			path = mlframework.xcdatamodeld;
			sourceTree = "<group>";
			versionGroupType = wrapper.xcdatamodel;
		};
/* End XCVersionGroup section */
	};
	rootObject = 0062B4D91EE1755900EB175D /* Project object */;
}
